
Microsoft Visual Studio Solution File, Format Version 12.00
# Visual Studio Version 17
VisualStudioVersion = 17.5.33414.496
MinimumVisualStudioVersion = 10.0.40219.1
Project("{FAE04EC0-301F-11D3-BF4B-00C04F79EFBC}") = "InvoiceDentaSoft.Api", "InvoiceDentaSoft.Api\InvoiceDentaSoft.Api.csproj", "{39B1DA21-7EB1-436E-B9CA-9A2C015C2282}"
EndProject
Global
	GlobalSection(SolutionConfigurationPlatforms) = preSolution
		Debug|Any CPU = Debug|Any CPU
		Release|Any CPU = Release|Any CPU
	EndGlobalSection
	GlobalSection(ProjectConfigurationPlatforms) = postSolution
		{39B1DA21-7EB1-436E-B9CA-9A2C015C2282}.Debug|Any CPU.ActiveCfg = Debug|Any CPU
		{39B1DA21-7EB1-436E-B9CA-9A2C015C2282}.Debug|Any CPU.Build.0 = Debug|Any CPU
		{39B1DA21-7EB1-436E-B9CA-9A2C015C2282}.Release|Any CPU.ActiveCfg = Release|Any CPU
		{39B1DA21-7EB1-436E-B9CA-9A2C015C2282}.Release|Any CPU.Build.0 = Release|Any CPU
	EndGlobalSection
	GlobalSection(SolutionProperties) = preSolution
		HideSolutionNode = FALSE
	EndGlobalSection
	GlobalSection(ExtensibilityGlobals) = postSolution
		SolutionGuid = {21F9721B-D884-403A-8C00-6561346B9491}
	EndGlobalSection
EndGlobal
